PODS:
  - CollectionKit (2.4.0):
    - CollectionKit/Core (= 2.4.0)
  - CollectionKit/Core (2.4.0)
  - CryptoSwift (1.0.0)
  - KeychainAccess (3.2.0)
  - SwiftLint (0.31.0)
  - UserAuthenticationKit (0.1):
    - UserAuthenticationKit/Core (= 0.1)
  - UserAuthenticationKit/Core (0.1):
    - CollectionKit
    - CryptoSwift
    - KeychainAccess

DEPENDENCIES:
  - CollectionKit
  - CryptoSwift
  - KeychainAccess
  - SwiftLint
  - UserAuthenticationKit (from `UserAuthenticationKit.podspec`)

SPEC REPOS:
  https://github.com/cocoapods/specs.git:
    - CollectionKit
    - CryptoSwift
    - KeychainAccess
    - SwiftLint

EXTERNAL SOURCES:
  UserAuthenticationKit:
    :path: UserAuthenticationKit.podspec

SPEC CHECKSUMS:
  CollectionKit: 8f01e7629185bb81072c4aa734d105df5c2d1c8b
  CryptoSwift: d81eeaa59dc5a8d03720fe919a6fd07b51f7439f
  KeychainAccess: 3b1bf8a77eb4c6ea1ce9404c292e48f948954c6b
  SwiftLint: 7a0227733d786395817373b2d0ca799fd0093ff3
  UserAuthenticationKit: 42626259ba618cdeb60e8a34bfb6b3d40d4f3c0c

PODFILE CHECKSUM: 647e241b87f66f47328facccfca5ec738f9be56f

COCOAPODS: 1.6.1
